// !$*UTF8*$!
{
	archiveVersion = 1;
	classes = {
	};
	objectVersion = 51;
	objects = {

/* Begin PBXBuildFile section */
		02FC597E5CF2175E005A7F24 /* Pods_Parstagram_ParstagramUITests.framework in Frameworks */ = {isa = PBXBuildFile; fileRef = BA15B718F4D8BAF1DF5E42A7 /* Pods_Parstagram_ParstagramUITests.framework */; };
		6B2D42EB9B2F7A9281B2F5CA /* Pods_Parstagram.framework in Frameworks */ = {isa = PBXBuildFile; fileRef = 8C63D43E5DFC1A7836FE8FA5 /* Pods_Parstagram.framework */; };
		B154157E26BA278B00363CC6 /* AppDelegate.swift in Sources */ = {isa = PBXBuildFile; fileRef = B154157D26BA278B00363CC6 /* AppDelegate.swift */; };
		B154158026BA278B00363CC6 /* SceneDelegate.swift in Sources */ = {isa = PBXBuildFile; fileRef = B154157F26BA278B00363CC6 /* SceneDelegate.swift */; };
		B154158526BA278B00363CC6 /* Main.storyboard in Resources */ = {isa = PBXBuildFile; fileRef = B154158326BA278B00363CC6 /* Main.storyboard */; };
		B154158726BA278C00363CC6 /* Assets.xcassets in Resources */ = {isa = PBXBuildFile; fileRef = B154158626BA278C00363CC6 /* Assets.xcassets */; };
		B154158A26BA278C00363CC6 /* LaunchScreen.storyboard in Resources */ = {isa = PBXBuildFile; fileRef = B154158826BA278C00363CC6 /* LaunchScreen.storyboard */; };
		B154159526BA278D00363CC6 /* ParstagramTests.swift in Sources */ = {isa = PBXBuildFile; fileRef = B154159426BA278D00363CC6 /* ParstagramTests.swift */; };
		B15415A026BA278D00363CC6 /* ParstagramUITests.swift in Sources */ = {isa = PBXBuildFile; fileRef = B154159F26BA278D00363CC6 /* ParstagramUITests.swift */; };
		B15415AE26BA2BAE00363CC6 /* LoginViewController.swift in Sources */ = {isa = PBXBuildFile; fileRef = B15415AD26BA2BAE00363CC6 /* LoginViewController.swift */; };
		B15415B026BA2BCD00363CC6 /* FeedViewController.swift in Sources */ = {isa = PBXBuildFile; fileRef = B15415AF26BA2BCD00363CC6 /* FeedViewController.swift */; };
		B15415B226BA32AD00363CC6 /* CameraViewController.swift in Sources */ = {isa = PBXBuildFile; fileRef = B15415B126BA32AD00363CC6 /* CameraViewController.swift */; };
		B15415B426BA8AE300363CC6 /* PostCell.swift in Sources */ = {isa = PBXBuildFile; fileRef = B15415B326BA8AE300363CC6 /* PostCell.swift */; };
		DAEF88034A6BFF8E2CAB4069 /* Pods_ParstagramTests.framework in Frameworks */ = {isa = PBXBuildFile; fileRef = D18A809B3267C680F2ADD841 /* Pods_ParstagramTests.framework */; };
/* End PBXBuildFile section */

/* Begin PBXContainerItemProxy section */
		B154159126BA278D00363CC6 /* PBXContainerItemProxy */ = {
			isa = PBXContainerItemProxy;
			containerPortal = B154157226BA278B00363CC6 /* Project object */;
			proxyType = 1;
			remoteGlobalIDString = B154157926BA278B00363CC6;
			remoteInfo = Parstagram;
		};
		B154159C26BA278D00363CC6 /* PBXContainerItemProxy */ = {
			isa = PBXContainerItemProxy;
			containerPortal = B154157226BA278B00363CC6 /* Project object */;
			proxyType = 1;
			remoteGlobalIDString = B154157926BA278B00363CC6;
			remoteInfo = Parstagram;
		};
/* End PBXContainerItemProxy section */

/* Begin PBXFileReference section */
		0606B84C760B95986846775C /* Pods-Parstagram.debug.xcconfig */ = {isa = PBXFileReference; includeInIndex = 1; lastKnownFileType = text.xcconfig; name = "Pods-Parstagram.debug.xcconfig"; path = "Target Support Files/Pods-Parstagram/Pods-Parstagram.debug.xcconfig"; sourceTree = "<group>"; };
		2CFE8C6232099B245D7BD056 /* Pods-Parstagram.release.xcconfig */ = {isa = PBXFileReference; includeInIndex = 1; lastKnownFileType = text.xcconfig; name = "Pods-Parstagram.release.xcconfig"; path = "Target Support Files/Pods-Parstagram/Pods-Parstagram.release.xcconfig"; sourceTree = "<group>"; };
		3CBA5C85A200384777C80E13 /* Pods-Parstagram-ParstagramUITests.debug.xcconfig */ = {isa = PBXFileReference; includeInIndex = 1; lastKnownFileType = text.xcconfig; name = "Pods-Parstagram-ParstagramUITests.debug.xcconfig"; path = "Target Support Files/Pods-Parstagram-ParstagramUITests/Pods-Parstagram-ParstagramUITests.debug.xcconfig"; sourceTree = "<group>"; };
		4567CF7ACE440A15C2133CB9 /* Pods-ParstagramTests.debug.xcconfig */ = {isa = PBXFileReference; includeInIndex = 1; lastKnownFileType = text.xcconfig; name = "Pods-ParstagramTests.debug.xcconfig"; path = "Target Support Files/Pods-ParstagramTests/Pods-ParstagramTests.debug.xcconfig"; sourceTree = "<group>"; };
		8C63D43E5DFC1A7836FE8FA5 /* Pods_Parstagram.framework */ = {isa = PBXFileReference; explicitFileType = wrapper.framework; includeInIndex = 0; path = Pods_Parstagram.framework; sourceTree = BUILT_PRODUCTS_DIR; };
		9EEEB74FF474CCB251480DC4 /* Pods-Parstagram-ParstagramUITests.release.xcconfig */ = {isa = PBXFileReference; includeInIndex = 1; lastKnownFileType = text.xcconfig; name = "Pods-Parstagram-ParstagramUITests.release.xcconfig"; path = "Target Support Files/Pods-Parstagram-ParstagramUITests/Pods-Parstagram-ParstagramUITests.release.xcconfig"; sourceTree = "<group>"; };
		B154157A26BA278B00363CC6 /* Parstagram.app */ = {isa = PBXFileReference; explicitFileType = wrapper.application; includeInIndex = 0; path = Parstagram.app; sourceTree = BUILT_PRODUCTS_DIR; };
		B154157D26BA278B00363CC6 /* AppDelegate.swift */ = {isa = PBXFileReference; lastKnownFileType = sourcecode.swift; path = AppDelegate.swift; sourceTree = "<group>"; };
		B154157F26BA278B00363CC6 /* SceneDelegate.swift */ = {isa = PBXFileReference; lastKnownFileType = sourcecode.swift; path = SceneDelegate.swift; sourceTree = "<group>"; };
		B154158426BA278B00363CC6 /* Base */ = {isa = PBXFileReference; lastKnownFileType = file.storyboard; name = Base; path = Base.lproj/Main.storyboard; sourceTree = "<group>"; };
		B154158626BA278C00363CC6 /* Assets.xcassets */ = {isa = PBXFileReference; lastKnownFileType = folder.assetcatalog; path = Assets.xcassets; sourceTree = "<group>"; };
		B154158926BA278C00363CC6 /* Base */ = {isa = PBXFileReference; lastKnownFileType = file.storyboard; name = Base; path = Base.lproj/LaunchScreen.storyboard; sourceTree = "<group>"; };
		B154158B26BA278C00363CC6 /* Info.plist */ = {isa = PBXFileReference; lastKnownFileType = text.plist.xml; path = Info.plist; sourceTree = "<group>"; };
		B154159026BA278D00363CC6 /* ParstagramTests.xctest */ = {isa = PBXFileReference; explicitFileType = wrapper.cfbundle; includeInIndex = 0; path = ParstagramTests.xctest; sourceTree = BUILT_PRODUCTS_DIR; };
		B154159426BA278D00363CC6 /* ParstagramTests.swift */ = {isa = PBXFileReference; lastKnownFileType = sourcecode.swift; path = ParstagramTests.swift; sourceTree = "<group>"; };
		B154159626BA278D00363CC6 /* Info.plist */ = {isa = PBXFileReference; lastKnownFileType = text.plist.xml; path = Info.plist; sourceTree = "<group>"; };
		B154159B26BA278D00363CC6 /* ParstagramUITests.xctest */ = {isa = PBXFileReference; explicitFileType = wrapper.cfbundle; includeInIndex = 0; path = ParstagramUITests.xctest; sourceTree = BUILT_PRODUCTS_DIR; };
		B154159F26BA278D00363CC6 /* ParstagramUITests.swift */ = {isa = PBXFileReference; lastKnownFileType = sourcecode.swift; path = ParstagramUITests.swift; sourceTree = "<group>"; };
		B15415A126BA278D00363CC6 /* Info.plist */ = {isa = PBXFileReference; lastKnownFileType = text.plist.xml; path = Info.plist; sourceTree = "<group>"; };
		B15415AD26BA2BAE00363CC6 /* LoginViewController.swift */ = {isa = PBXFileReference; lastKnownFileType = sourcecode.swift; path = LoginViewController.swift; sourceTree = "<group>"; };
		B15415AF26BA2BCD00363CC6 /* FeedViewController.swift */ = {isa = PBXFileReference; lastKnownFileType = sourcecode.swift; path = FeedViewController.swift; sourceTree = "<group>"; };
		B15415B126BA32AD00363CC6 /* CameraViewController.swift */ = {isa = PBXFileReference; lastKnownFileType = sourcecode.swift; path = CameraViewController.swift; sourceTree = "<group>"; };
		B15415B326BA8AE300363CC6 /* PostCell.swift */ = {isa = PBXFileReference; lastKnownFileType = sourcecode.swift; path = PostCell.swift; sourceTree = "<group>"; };
		BA15B718F4D8BAF1DF5E42A7 /* Pods_Parstagram_ParstagramUITests.framework */ = {isa = PBXFileReference; explicitFileType = wrapper.framework; includeInIndex = 0; path = Pods_Parstagram_ParstagramUITests.framework; sourceTree = BUILT_PRODUCTS_DIR; };
		D18A809B3267C680F2ADD841 /* Pods_ParstagramTests.framework */ = {isa = PBXFileReference; explicitFileType = wrapper.framework; includeInIndex = 0; path = Pods_ParstagramTests.framework; sourceTree = BUILT_PRODUCTS_DIR; };
		EAB2A236642C018885B93D5A /* Pods-ParstagramTests.release.xcconfig */ = {isa = PBXFileReference; includeInIndex = 1; lastKnownFileType = text.xcconfig; name = "Pods-ParstagramTests.release.xcconfig"; path = "Target Support Files/Pods-ParstagramTests/Pods-ParstagramTests.release.xcconfig"; sourceTree = "<group>"; };
/* End PBXFileReference section */

/* Begin PBXFrameworksBuildPhase section */
		B154157726BA278B00363CC6 /* Frameworks */ = {
			isa = PBXFrameworksBuildPhase;
			buildActionMask = 2147483647;
			files = (
				6B2D42EB9B2F7A9281B2F5CA /* Pods_Parstagram.framework in Frameworks */,
			);
			runOnlyForDeploymentPostprocessing = 0;
		};
		B154158D26BA278D00363CC6 /* Frameworks */ = {
			isa = PBXFrameworksBuildPhase;
			buildActionMask = 2147483647;
			files = (
				DAEF88034A6BFF8E2CAB4069 /* Pods_ParstagramTests.framework in Frameworks */,
			);
			runOnlyForDeploymentPostprocessing = 0;
		};
		B154159826BA278D00363CC6 /* Frameworks */ = {
			isa = PBXFrameworksBuildPhase;
			buildActionMask = 2147483647;
			files = (
				02FC597E5CF2175E005A7F24 /* Pods_Parstagram_ParstagramUITests.framework in Frameworks */,
			);
			runOnlyForDeploymentPostprocessing = 0;
		};
/* End PBXFrameworksBuildPhase section */

/* Begin PBXGroup section */
		948E4882C17787B4DE55A835 /* Pods */ = {
			isa = PBXGroup;
			children = (
				0606B84C760B95986846775C /* Pods-Parstagram.debug.xcconfig */,
				2CFE8C6232099B245D7BD056 /* Pods-Parstagram.release.xcconfig */,
				3CBA5C85A200384777C80E13 /* Pods-Parstagram-ParstagramUITests.debug.xcconfig */,
				9EEEB74FF474CCB251480DC4 /* Pods-Parstagram-ParstagramUITests.release.xcconfig */,
				4567CF7ACE440A15C2133CB9 /* Pods-ParstagramTests.debug.xcconfig */,
				EAB2A236642C018885B93D5A /* Pods-ParstagramTests.release.xcconfig */,
			);
			path = Pods;
			sourceTree = "<group>";
		};
		B154157126BA278B00363CC6 = {
			isa = PBXGroup;
			children = (
				B154157C26BA278B00363CC6 /* Parstagram */,
				B154159326BA278D00363CC6 /* ParstagramTests */,
				B154159E26BA278D00363CC6 /* ParstagramUITests */,
				B154157B26BA278B00363CC6 /* Products */,
				948E4882C17787B4DE55A835 /* Pods */,
				C6B9BA7D718CD527952D554E /* Frameworks */,
			);
			sourceTree = "<group>";
		};
		B154157B26BA278B00363CC6 /* Products */ = {
			isa = PBXGroup;
			children = (
				B154157A26BA278B00363CC6 /* Parstagram.app */,
				B154159026BA278D00363CC6 /* ParstagramTests.xctest */,
				B154159B26BA278D00363CC6 /* ParstagramUITests.xctest */,
			);
			name = Products;
			sourceTree = "<group>";
		};
		B154157C26BA278B00363CC6 /* Parstagram */ = {
			isa = PBXGroup;
			children = (
				B154157D26BA278B00363CC6 /* AppDelegate.swift */,
				B154157F26BA278B00363CC6 /* SceneDelegate.swift */,
				B154158326BA278B00363CC6 /* Main.storyboard */,
				B15415B326BA8AE300363CC6 /* PostCell.swift */,
				B15415B126BA32AD00363CC6 /* CameraViewController.swift */,
				B15415AF26BA2BCD00363CC6 /* FeedViewController.swift */,
				B15415AD26BA2BAE00363CC6 /* LoginViewController.swift */,
				B154158626BA278C00363CC6 /* Assets.xcassets */,
				B154158826BA278C00363CC6 /* LaunchScreen.storyboard */,
				B154158B26BA278C00363CC6 /* Info.plist */,
			);
			path = Parstagram;
			sourceTree = "<group>";
		};
		B154159326BA278D00363CC6 /* ParstagramTests */ = {
			isa = PBXGroup;
			children = (
				B154159426BA278D00363CC6 /* ParstagramTests.swift */,
				B154159626BA278D00363CC6 /* Info.plist */,
			);
			path = ParstagramTests;
			sourceTree = "<group>";
		};
		B154159E26BA278D00363CC6 /* ParstagramUITests */ = {
			isa = PBXGroup;
			children = (
				B154159F26BA278D00363CC6 /* ParstagramUITests.swift */,
				B15415A126BA278D00363CC6 /* Info.plist */,
			);
			path = ParstagramUITests;
			sourceTree = "<group>";
		};
		C6B9BA7D718CD527952D554E /* Frameworks */ = {
			isa = PBXGroup;
			children = (
				8C63D43E5DFC1A7836FE8FA5 /* Pods_Parstagram.framework */,
				BA15B718F4D8BAF1DF5E42A7 /* Pods_Parstagram_ParstagramUITests.framework */,
				D18A809B3267C680F2ADD841 /* Pods_ParstagramTests.framework */,
			);
			name = Frameworks;
			sourceTree = "<group>";
		};
/* End PBXGroup section */

/* Begin PBXNativeTarget section */
		B154157926BA278B00363CC6 /* Parstagram */ = {
			isa = PBXNativeTarget;
			buildConfigurationList = B15415A426BA278D00363CC6 /* Build configuration list for PBXNativeTarget "Parstagram" */;
			buildPhases = (
				284E753795954F3F5A27A20A /* [CP] Check Pods Manifest.lock */,
				B154157626BA278B00363CC6 /* Sources */,
				B154157726BA278B00363CC6 /* Frameworks */,
				B154157826BA278B00363CC6 /* Resources */,
				E301BD30B491B4D1569DC97C /* [CP] Embed Pods Frameworks */,
			);
			buildRules = (
			);
			dependencies = (
			);
			name = Parstagram;
			productName = Parstagram;
			productReference = B154157A26BA278B00363CC6 /* Parstagram.app */;
			productType = "com.apple.product-type.application";
		};
		B154158F26BA278D00363CC6 /* ParstagramTests */ = {
			isa = PBXNativeTarget;
			buildConfigurationList = B15415A726BA278D00363CC6 /* Build configuration list for PBXNativeTarget "ParstagramTests" */;
			buildPhases = (
				B483D72D896DF84331671B4B /* [CP] Check Pods Manifest.lock */,
				B154158C26BA278D00363CC6 /* Sources */,
				B154158D26BA278D00363CC6 /* Frameworks */,
				B154158E26BA278D00363CC6 /* Resources */,
			);
			buildRules = (
			);
			dependencies = (
				B154159226BA278D00363CC6 /* PBXTargetDependency */,
			);
			name = ParstagramTests;
			productName = ParstagramTests;
			productReference = B154159026BA278D00363CC6 /* ParstagramTests.xctest */;
			productType = "com.apple.product-type.bundle.unit-test";
		};
		B154159A26BA278D00363CC6 /* ParstagramUITests */ = {
			isa = PBXNativeTarget;
			buildConfigurationList = B15415AA26BA278D00363CC6 /* Build configuration list for PBXNativeTarget "ParstagramUITests" */;
			buildPhases = (
				F3038377CE84CBB2BCB36550 /* [CP] Check Pods Manifest.lock */,
				B154159726BA278D00363CC6 /* Sources */,
				B154159826BA278D00363CC6 /* Frameworks */,
				B154159926BA278D00363CC6 /* Resources */,
				401588159715CA632F16F598 /* [CP] Embed Pods Frameworks */,
			);
			buildRules = (
			);
			dependencies = (
				B154159D26BA278D00363CC6 /* PBXTargetDependency */,
			);
			name = ParstagramUITests;
			productName = ParstagramUITests;
			productReference = B154159B26BA278D00363CC6 /* ParstagramUITests.xctest */;
			productType = "com.apple.product-type.bundle.ui-testing";
		};
/* End PBXNativeTarget section */

/* Begin PBXProject section */
		B154157226BA278B00363CC6 /* Project object */ = {
			isa = PBXProject;
			attributes = {
				LastSwiftUpdateCheck = 1250;
				LastUpgradeCheck = 1250;
				TargetAttributes = {
					B154157926BA278B00363CC6 = {
						CreatedOnToolsVersion = 12.5.1;
					};
					B154158F26BA278D00363CC6 = {
						CreatedOnToolsVersion = 12.5.1;
						TestTargetID = B154157926BA278B00363CC6;
					};
					B154159A26BA278D00363CC6 = {
						CreatedOnToolsVersion = 12.5.1;
						TestTargetID = B154157926BA278B00363CC6;
					};
				};
			};
			buildConfigurationList = B154157526BA278B00363CC6 /* Build configuration list for PBXProject "Parstagram" */;
			compatibilityVersion = "Xcode 9.3";
			developmentRegion = en;
			hasScannedForEncodings = 0;
			knownRegions = (
				en,
				Base,
			);
			mainGroup = B154157126BA278B00363CC6;
			productRefGroup = B154157B26BA278B00363CC6 /* Products */;
			projectDirPath = "";
			projectRoot = "";
			targets = (
				B154157926BA278B00363CC6 /* Parstagram */,
				B154158F26BA278D00363CC6 /* ParstagramTests */,
				B154159A26BA278D00363CC6 /* ParstagramUITests */,
			);
		};
/* End PBXProject section */

/* Begin PBXResourcesBuildPhase section */
		B154157826BA278B00363CC6 /* Resources */ = {
			isa = PBXResourcesBuildPhase;
			buildActionMask = 2147483647;
			files = (
				B154158A26BA278C00363CC6 /* LaunchScreen.storyboard in Resources */,
				B154158726BA278C00363CC6 /* Assets.xcassets in Resources */,
				B154158526BA278B00363CC6 /* Main.storyboard in Resources */,
			);
			runOnlyForDeploymentPostprocessing = 0;
		};
		B154158E26BA278D00363CC6 /* Resources */ = {
			isa = PBXResourcesBuildPhase;
			buildActionMask = 2147483647;
			files = (
			);
			runOnlyForDeploymentPostprocessing = 0;
		};
		B154159926BA278D00363CC6 /* Resources */ = {
			isa = PBXResourcesBuildPhase;
			buildActionMask = 2147483647;
			files = (
			);
			runOnlyForDeploymentPostprocessing = 0;
		};
/* End PBXResourcesBuildPhase section */

/* Begin PBXShellScriptBuildPhase section */
		284E753795954F3F5A27A20A /* [CP] Check Pods Manifest.lock */ = {
			isa = PBXShellScriptBuildPhase;
			buildActionMask = 2147483647;
			files = (
			);
			inputFileListPaths = (
			);
			inputPaths = (
				"${PODS_PODFILE_DIR_PATH}/Podfile.lock",
				"${PODS_ROOT}/Manifest.lock",
			);
			name = "[CP] Check Pods Manifest.lock";
			outputFileListPaths = (
			);
			outputPaths = (
				"$(DERIVED_FILE_DIR)/Pods-Parstagram-checkManifestLockResult.txt",
			);
			runOnlyForDeploymentPostprocessing = 0;
			shellPath = /bin/sh;
			shellScript = "diff \"${PODS_PODFILE_DIR_PATH}/Podfile.lock\" \"${PODS_ROOT}/Manifest.lock\" > /dev/null\nif [ $? != 0 ] ; then\n    # print error to STDERR\n    echo \"error: The sandbox is not in sync with the Podfile.lock. Run 'pod install' or update your CocoaPods installation.\" >&2\n    exit 1\nfi\n# This output is used by Xcode 'outputs' to avoid re-running this script phase.\necho \"SUCCESS\" > \"${SCRIPT_OUTPUT_FILE_0}\"\n";
			showEnvVarsInLog = 0;
		};
		401588159715CA632F16F598 /* [CP] Embed Pods Frameworks */ = {
			isa = PBXShellScriptBuildPhase;
			buildActionMask = 2147483647;
			files = (
			);
			inputFileListPaths = (
				"${PODS_ROOT}/Target Support Files/Pods-Parstagram-ParstagramUITests/Pods-Parstagram-ParstagramUITests-frameworks-${CONFIGURATION}-input-files.xcfilelist",
			);
			name = "[CP] Embed Pods Frameworks";
			outputFileListPaths = (
				"${PODS_ROOT}/Target Support Files/Pods-Parstagram-ParstagramUITests/Pods-Parstagram-ParstagramUITests-frameworks-${CONFIGURATION}-output-files.xcfilelist",
			);
			runOnlyForDeploymentPostprocessing = 0;
			shellPath = /bin/sh;
			shellScript = "\"${PODS_ROOT}/Target Support Files/Pods-Parstagram-ParstagramUITests/Pods-Parstagram-ParstagramUITests-frameworks.sh\"\n";
			showEnvVarsInLog = 0;
		};
		B483D72D896DF84331671B4B /* [CP] Check Pods Manifest.lock */ = {
			isa = PBXShellScriptBuildPhase;
			buildActionMask = 2147483647;
			files = (
			);
			inputFileListPaths = (
			);
			inputPaths = (
				"${PODS_PODFILE_DIR_PATH}/Podfile.lock",
				"${PODS_ROOT}/Manifest.lock",
			);
			name = "[CP] Check Pods Manifest.lock";
			outputFileListPaths = (
			);
			outputPaths = (
				"$(DERIVED_FILE_DIR)/Pods-ParstagramTests-checkManifestLockResult.txt",
			);
			runOnlyForDeploymentPostprocessing = 0;
			shellPath = /bin/sh;
			shellScript = "diff \"${PODS_PODFILE_DIR_PATH}/Podfile.lock\" \"${PODS_ROOT}/Manifest.lock\" > /dev/null\nif [ $? != 0 ] ; then\n    # print error to STDERR\n    echo \"error: The sandbox is not in sync with the Podfile.lock. Run 'pod install' or update your CocoaPods installation.\" >&2\n    exit 1\nfi\n# This output is used by Xcode 'outputs' to avoid re-running this script phase.\necho \"SUCCESS\" > \"${SCRIPT_OUTPUT_FILE_0}\"\n";
			showEnvVarsInLog = 0;
		};
		E301BD30B491B4D1569DC97C /* [CP] Embed Pods Frameworks */ = {
			isa = PBXShellScriptBuildPhase;
			buildActionMask = 2147483647;
			files = (
			);
			inputFileListPaths = (
				"${PODS_ROOT}/Target Support Files/Pods-Parstagram/Pods-Parstagram-frameworks-${CONFIGURATION}-input-files.xcfilelist",
			);
			name = "[CP] Embed Pods Frameworks";
			outputFileListPaths = (
				"${PODS_ROOT}/Target Support Files/Pods-Parstagram/Pods-Parstagram-frameworks-${CONFIGURATION}-output-files.xcfilelist",
			);
			runOnlyForDeploymentPostprocessing = 0;
			shellPath = /bin/sh;
			shellScript = "\"${PODS_ROOT}/Target Support Files/Pods-Parstagram/Pods-Parstagram-frameworks.sh\"\n";
			showEnvVarsInLog = 0;
		};
		F3038377CE84CBB2BCB36550 /* [CP] Check Pods Manifest.lock */ = {
			isa = PBXShellScriptBuildPhase;
			buildActionMask = 2147483647;
			files = (
			);
			inputFileListPaths = (
			);
			inputPaths = (
				"${PODS_PODFILE_DIR_PATH}/Podfile.lock",
				"${PODS_ROOT}/Manifest.lock",
			);
			name = "[CP] Check Pods Manifest.lock";
			outputFileListPaths = (
			);
			outputPaths = (
				"$(DERIVED_FILE_DIR)/Pods-Parstagram-ParstagramUITests-checkManifestLockResult.txt",
			);
			runOnlyForDeploymentPostprocessing = 0;
			shellPath = /bin/sh;
			shellScript = "diff \"${PODS_PODFILE_DIR_PATH}/Podfile.lock\" \"${PODS_ROOT}/Manifest.lock\" > /dev/null\nif [ $? != 0 ] ; then\n    # print error to STDERR\n    echo \"error: The sandbox is not in sync with the Podfile.lock. Run 'pod install' or update your CocoaPods installation.\" >&2\n    exit 1\nfi\n# This output is used by Xcode 'outputs' to avoid re-running this script phase.\necho \"SUCCESS\" > \"${SCRIPT_OUTPUT_FILE_0}\"\n";
			showEnvVarsInLog = 0;
		};
/* End PBXShellScriptBuildPhase section */

/* Begin PBXSourcesBuildPhase section */
		B154157626BA278B00363CC6 /* Sources */ = {
			isa = PBXSourcesBuildPhase;
			buildActionMask = 2147483647;
			files = (
				B15415AE26BA2BAE00363CC6 /* LoginViewController.swift in Sources */,
				B15415B226BA32AD00363CC6 /* CameraViewController.swift in Sources */,
				B154157E26BA278B00363CC6 /* AppDelegate.swift in Sources */,
				B15415B026BA2BCD00363CC6 /* FeedViewController.swift in Sources */,
				B154158026BA278B00363CC6 /* SceneDelegate.swift in Sources */,
				B15415B426BA8AE300363CC6 /* PostCell.swift in Sources */,
			);
			runOnlyForDeploymentPostprocessing = 0;
		};
		B154158C26BA278D00363CC6 /* Sources */ = {
			isa = PBXSourcesBuildPhase;
			buildActionMask = 2147483647;
			files = (
				B154159526BA278D00363CC6 /* ParstagramTests.swift in Sources */,
			);
			runOnlyForDeploymentPostprocessing = 0;
		};
		B154159726BA278D00363CC6 /* Sources */ = {
			isa = PBXSourcesBuildPhase;
			buildActionMask = 2147483647;
			files = (
				B15415A026BA278D00363CC6 /* ParstagramUITests.swift in Sources */,
			);
			runOnlyForDeploymentPostprocessing = 0;
		};
/* End PBXSourcesBuildPhase section */

/* Begin PBXTargetDependency section */
		B154159226BA278D00363CC6 /* PBXTargetDependency */ = {
			isa = PBXTargetDependency;
			target = B154157926BA278B00363CC6 /* Parstagram */;
			targetProxy = B154159126BA278D00363CC6 /* PBXContainerItemProxy */;
		};
		B154159D26BA278D00363CC6 /* PBXTargetDependency */ = {
			isa = PBXTargetDependency;
			target = B154157926BA278B00363CC6 /* Parstagram */;
			targetProxy = B154159C26BA278D00363CC6 /* PBXContainerItemProxy */;
		};
/* End PBXTargetDependency section */

/* Begin PBXVariantGroup section */
		B154158326BA278B00363CC6 /* Main.storyboard */ = {
			isa = PBXVariantGroup;
			children = (
				B154158426BA278B00363CC6 /* Base */,
			);
			name = Main.storyboard;
			sourceTree = "<group>";
		};
		B154158826BA278C00363CC6 /* LaunchScreen.storyboard */ = {
			isa = PBXVariantGroup;
			children = (
				B154158926BA278C00363CC6 /* Base */,
			);
			name = LaunchScreen.storyboard;
			sourceTree = "<group>";
		};
/* End PBXVariantGroup section */

/* Begin XCBuildConfiguration section */
		B15415A226BA278D00363CC6 /* Debug */ = {
			isa = XCBuildConfiguration;
			buildSettings = {
				ALWAYS_SEARCH_USER_PATHS = NO;
				CLANG_ANALYZER_NONNULL = YES;
				CLANG_ANALYZER_NUMBER_OBJECT_CONVERSION = YES_AGGRESSIVE;
				CLANG_CXX_LANGUAGE_STANDARD = "gnu++14";
				CLANG_CXX_LIBRARY = "libc++";
				CLANG_ENABLE_MODULES = YES;
				CLANG_ENABLE_OBJC_ARC = YES;
				CLANG_ENABLE_OBJC_WEAK = YES;
				CLANG_WARN_BLOCK_CAPTURE_AUTORELEASING = YES;
				CLANG_WARN_BOOL_CONVERSION = YES;
				CLANG_WARN_COMMA = YES;
				CLANG_WARN_CONSTANT_CONVERSION = YES;
				CLANG_WARN_DEPRECATED_OBJC_IMPLEMENTATIONS = YES;
				CLANG_WARN_DIRECT_OBJC_ISA_USAGE = YES_ERROR;
				CLANG_WARN_DOCUMENTATION_COMMENTS = YES;
				CLANG_WARN_EMPTY_BODY = YES;
				CLANG_WARN_ENUM_CONVERSION = YES;
				CLANG_WARN_INFINITE_RECURSION = YES;
				CLANG_WARN_INT_CONVERSION = YES;
				CLANG_WARN_NON_LITERAL_NULL_CONVERSION = YES;
				CLANG_WARN_OBJC_IMPLICIT_RETAIN_SELF = YES;
				CLANG_WARN_OBJC_LITERAL_CONVERSION = YES;
				CLANG_WARN_OBJC_ROOT_CLASS = YES_ERROR;
				CLANG_WARN_QUOTED_INCLUDE_IN_FRAMEWORK_HEADER = YES;
				CLANG_WARN_RANGE_LOOP_ANALYSIS = YES;
				CLANG_WARN_STRICT_PROTOTYPES = YES;
				CLANG_WARN_SUSPICIOUS_MOVE = YES;
				CLANG_WARN_UNGUARDED_AVAILABILITY = YES_AGGRESSIVE;
				CLANG_WARN_UNREACHABLE_CODE = YES;
				CLANG_WARN__DUPLICATE_METHOD_MATCH = YES;
				COPY_PHASE_STRIP = NO;
				DEBUG_INFORMATION_FORMAT = dwarf;
				ENABLE_STRICT_OBJC_MSGSEND = YES;
				ENABLE_TESTABILITY = YES;
				GCC_C_LANGUAGE_STANDARD = gnu11;
				GCC_DYNAMIC_NO_PIC = NO;
				GCC_NO_COMMON_BLOCKS = YES;
				GCC_OPTIMIZATION_LEVEL = 0;
				GCC_PREPROCESSOR_DEFINITIONS = (
					"DEBUG=1",
					"$(inherited)",
				);
				GCC_WARN_64_TO_32_BIT_CONVERSION = YES;
				GCC_WARN_ABOUT_RETURN_TYPE = YES_ERROR;
				GCC_WARN_UNDECLARED_SELECTOR = YES;
				GCC_WARN_UNINITIALIZED_AUTOS = YES_AGGRESSIVE;
				GCC_WARN_UNUSED_FUNCTION = YES;
				GCC_WARN_UNUSED_VARIABLE = YES;
				IPHONEOS_DEPLOYMENT_TARGET = 14.5;
				MTL_ENABLE_DEBUG_INFO = INCLUDE_SOURCE;
				MTL_FAST_MATH = YES;
				ONLY_ACTIVE_ARCH = YES;
				SDKROOT = iphoneos;
				SWIFT_ACTIVE_COMPILATION_CONDITIONS = DEBUG;
				SWIFT_OPTIMIZATION_LEVEL = "-Onone";
			};
			name = Debug;
		};
		B15415A326BA278D00363CC6 /* Release */ = {
			isa = XCBuildConfiguration;
			buildSettings = {
				ALWAYS_SEARCH_USER_PATHS = NO;
				CLANG_ANALYZER_NONNULL = YES;
				CLANG_ANALYZER_NUMBER_OBJECT_CONVERSION = YES_AGGRESSIVE;
				CLANG_CXX_LANGUAGE_STANDARD = "gnu++14";
				CLANG_CXX_LIBRARY = "libc++";
				CLANG_ENABLE_MODULES = YES;
				CLANG_ENABLE_OBJC_ARC = YES;
				CLANG_ENABLE_OBJC_WEAK = YES;
				CLANG_WARN_BLOCK_CAPTURE_AUTORELEASING = YES;
				CLANG_WARN_BOOL_CONVERSION = YES;
				CLANG_WARN_COMMA = YES;
				CLANG_WARN_CONSTANT_CONVERSION = YES;
				CLANG_WARN_DEPRECATED_OBJC_IMPLEMENTATIONS = YES;
				CLANG_WARN_DIRECT_OBJC_ISA_USAGE = YES_ERROR;
				CLANG_WARN_DOCUMENTATION_COMMENTS = YES;
				CLANG_WARN_EMPTY_BODY = YES;
				CLANG_WARN_ENUM_CONVERSION = YES;
				CLANG_WARN_INFINITE_RECURSION = YES;
				CLANG_WARN_INT_CONVERSION = YES;
				CLANG_WARN_NON_LITERAL_NULL_CONVERSION = YES;
				CLANG_WARN_OBJC_IMPLICIT_RETAIN_SELF = YES;
				CLANG_WARN_OBJC_LITERAL_CONVERSION = YES;
				CLANG_WARN_OBJC_ROOT_CLASS = YES_ERROR;
				CLANG_WARN_QUOTED_INCLUDE_IN_FRAMEWORK_HEADER = YES;
				CLANG_WARN_RANGE_LOOP_ANALYSIS = YES;
				CLANG_WARN_STRICT_PROTOTYPES = YES;
				CLANG_WARN_SUSPICIOUS_MOVE = YES;
				CLANG_WARN_UNGUARDED_AVAILABILITY = YES_AGGRESSIVE;
				CLANG_WARN_UNREACHABLE_CODE = YES;
				CLANG_WARN__DUPLICATE_METHOD_MATCH = YES;
				COPY_PHASE_STRIP = NO;
				DEBUG_INFORMATION_FORMAT = "dwarf-with-dsym";
				ENABLE_NS_ASSERTIONS = NO;
				ENABLE_STRICT_OBJC_MSGSEND = YES;
				GCC_C_LANGUAGE_STANDARD = gnu11;
				GCC_NO_COMMON_BLOCKS = YES;
				GCC_WARN_64_TO_32_BIT_CONVERSION = YES;
				GCC_WARN_ABOUT_RETURN_TYPE = YES_ERROR;
				GCC_WARN_UNDECLARED_SELECTOR = YES;
				GCC_WARN_UNINITIALIZED_AUTOS = YES_AGGRESSIVE;
				GCC_WARN_UNUSED_FUNCTION = YES;
				GCC_WARN_UNUSED_VARIABLE = YES;
				IPHONEOS_DEPLOYMENT_TARGET = 14.5;
				MTL_ENABLE_DEBUG_INFO = NO;
				MTL_FAST_MATH = YES;
				SDKROOT = iphoneos;
				SWIFT_COMPILATION_MODE = wholemodule;
				SWIFT_OPTIMIZATION_LEVEL = "-O";
				VALIDATE_PRODUCT = YES;
			};
			name = Release;
		};
		B15415A526BA278D00363CC6 /* Debug */ = {
			isa = XCBuildConfiguration;
			baseConfigurationReference = 0606B84C760B95986846775C /* Pods-Parstagram.debug.xcconfig */;
			buildSettings = {
				ASSETCATALOG_COMPILER_APPICON_NAME = AppIcon;
				ASSETCATALOG_COMPILER_GLOBAL_ACCENT_COLOR_NAME = AccentColor;
				CODE_SIGN_STYLE = Automatic;
				DEVELOPMENT_TEAM = 8PGZ5N4XCZ;
				INFOPLIST_FILE = Parstagram/Info.plist;
				LD_RUNPATH_SEARCH_PATHS = (
					"$(inherited)",
					"@executable_path/Frameworks",
				);
				PRODUCT_BUNDLE_IDENTIFIER = com.codepath.Parstagram;
				PRODUCT_NAME = "$(TARGET_NAME)";
				SWIFT_VERSION = 5.0;
				TARGETED_DEVICE_FAMILY = "1,2";
			};
			name = Debug;
		};
		B15415A626BA278D00363CC6 /* Release */ = {
			isa = XCBuildConfiguration;
			baseConfigurationReference = 2CFE8C6232099B245D7BD056 /* Pods-Parstagram.release.xcconfig */;
			buildSettings = {
				ASSETCATALOG_COMPILER_APPICON_NAME = AppIcon;
				ASSETCATALOG_COMPILER_GLOBAL_ACCENT_COLOR_NAME = AccentColor;
				CODE_SIGN_STYLE = Automatic;
				DEVELOPMENT_TEAM = 8PGZ5N4XCZ;
				INFOPLIST_FILE = Parstagram/Info.plist;
				LD_RUNPATH_SEARCH_PATHS = (
					"$(inherited)",
					"@executable_path/Frameworks",
				);
				PRODUCT_BUNDLE_IDENTIFIER = com.codepath.Parstagram;
				PRODUCT_NAME = "$(TARGET_NAME)";
				SWIFT_VERSION = 5.0;
				TARGETED_DEVICE_FAMILY = "1,2";
			};
			name = Release;
		};
		B15415A826BA278D00363CC6 /* Debug */ = {
			isa = XCBuildConfiguration;
			baseConfigurationReference = 4567CF7ACE440A15C2133CB9 /* Pods-ParstagramTests.debug.xcconfig */;
			buildSettings = {
				ALWAYS_EMBED_SWIFT_STANDARD_LIBRARIES = YES;
				BUNDLE_LOADER = "$(TEST_HOST)";
				CODE_SIGN_STYLE = Automatic;
				DEVELOPMENT_TEAM = 8PGZ5N4XCZ;
				INFOPLIST_FILE = ParstagramTests/Info.plist;
				IPHONEOS_DEPLOYMENT_TARGET = 14.5;
				LD_RUNPATH_SEARCH_PATHS = (
					"$(inherited)",
					"@executable_path/Frameworks",
					"@loader_path/Frameworks",
				);
				PRODUCT_BUNDLE_IDENTIFIER = com.codepath.ParstagramTests;
				PRODUCT_NAME = "$(TARGET_NAME)";
				SWIFT_VERSION = 5.0;
				TARGETED_DEVICE_FAMILY = "1,2";
				TEST_HOST = "$(BUILT_PRODUCTS_DIR)/Parstagram.app/Parstagram";
			};
			name = Debug;
		};
		B15415A926BA278D00363CC6 /* Release */ = {
			isa = XCBuildConfiguration;
			baseConfigurationReference = EAB2A236642C018885B93D5A /* Pods-ParstagramTests.release.xcconfig */;
			buildSettings = {
				ALWAYS_EMBED_SWIFT_STANDARD_LIBRARIES = YES;
				BUNDLE_LOADER = "$(TEST_HOST)";
				CODE_SIGN_STYLE = Automatic;
				DEVELOPMENT_TEAM = 8PGZ5N4XCZ;
				INFOPLIST_FILE = ParstagramTests/Info.plist;
				IPHONEOS_DEPLOYMENT_TARGET = 14.5;
				LD_RUNPATH_SEARCH_PATHS = (
					"$(inherited)",
					"@executable_path/Frameworks",
					"@loader_path/Frameworks",
				);
				PRODUCT_BUNDLE_IDENTIFIER = com.codepath.ParstagramTests;
				PRODUCT_NAME = "$(TARGET_NAME)";
				SWIFT_VERSION = 5.0;
				TARGETED_DEVICE_FAMILY = "1,2";
				TEST_HOST = "$(BUILT_PRODUCTS_DIR)/Parstagram.app/Parstagram";
			};
			name = Release;
		};
		B15415AB26BA278D00363CC6 /* Debug */ = {
			isa = XCBuildConfiguration;
			baseConfigurationReference = 3CBA5C85A200384777C80E13 /* Pods-Parstagram-ParstagramUITests.debug.xcconfig */;
			buildSettings = {
				ALWAYS_EMBED_SWIFT_STANDARD_LIBRARIES = YES;
				CODE_SIGN_STYLE = Automatic;
				DEVELOPMENT_TEAM = 8PGZ5N4XCZ;
				INFOPLIST_FILE = ParstagramUITests/Info.plist;
				LD_RUNPATH_SEARCH_PATHS = (
					"$(inherited)",
					"@executable_path/Frameworks",
					"@loader_path/Frameworks",
				);
				PRODUCT_BUNDLE_IDENTIFIER = com.codepath.ParstagramUITests;
				PRODUCT_NAME = "$(TARGET_NAME)";
				SWIFT_VERSION = 5.0;
				TARGETED_DEVICE_FAMILY = "1,2";
				TEST_TARGET_NAME = Parstagram;
			};
			name = Debug;
		};
		B15415AC26BA278D00363CC6 /* Release */ = {
			isa = XCBuildConfiguration;
			baseConfigurationReference = 9EEEB74FF474CCB251480DC4 /* Pods-Parstagram-ParstagramUITests.release.xcconfig */;
			buildSettings = {
				ALWAYS_EMBED_SWIFT_STANDARD_LIBRARIES = YES;
				CODE_SIGN_STYLE = Automatic;
				DEVELOPMENT_TEAM = 8PGZ5N4XCZ;
				INFOPLIST_FILE = ParstagramUITests/Info.plist;
				LD_RUNPATH_SEARCH_PATHS = (
					"$(inherited)",
					"@executable_path/Frameworks",
					"@loader_path/Frameworks",
				);
				PRODUCT_BUNDLE_IDENTIFIER = com.codepath.ParstagramUITests;
				PRODUCT_NAME = "$(TARGET_NAME)";
				SWIFT_VERSION = 5.0;
				TARGETED_DEVICE_FAMILY = "1,2";
				TEST_TARGET_NAME = Parstagram;
			};
			name = Release;
		};
/* End XCBuildConfiguration section */

/* Begin XCConfigurationList section */
		B154157526BA278B00363CC6 /* Build configuration list for PBXProject "Parstagram" */ = {
			isa = XCConfigurationList;
			buildConfigurations = (
				B15415A226BA278D00363CC6 /* Debug */,
				B15415A326BA278D00363CC6 /* Release */,
			);
			defaultConfigurationIsVisible = 0;
			defaultConfigurationName = Release;
		};
		B15415A426BA278D00363CC6 /* Build configuration list for PBXNativeTarget "Parstagram" */ = {
			isa = XCConfigurationList;
			buildConfigurations = (
				B15415A526BA278D00363CC6 /* Debug */,
				B15415A626BA278D00363CC6 /* Release */,
			);
			defaultConfigurationIsVisible = 0;
			defaultConfigurationName = Release;
		};
		B15415A726BA278D00363CC6 /* Build configuration list for PBXNativeTarget "ParstagramTests" */ = {
			isa = XCConfigurationList;
			buildConfigurations = (
				B15415A826BA278D00363CC6 /* Debug */,
				B15415A926BA278D00363CC6 /* Release */,
			);
			defaultConfigurationIsVisible = 0;
			defaultConfigurationName = Release;
		};
		B15415AA26BA278D00363CC6 /* Build configuration list for PBXNativeTarget "ParstagramUITests" */ = {
			isa = XCConfigurationList;
			buildConfigurations = (
				B15415AB26BA278D00363CC6 /* Debug */,
				B15415AC26BA278D00363CC6 /* Release */,
			);
			defaultConfigurationIsVisible = 0;
			defaultConfigurationName = Release;
		};
/* End XCConfigurationList section */
	};
	rootObject = B154157226BA278B00363CC6 /* Project object */;
}
